
Microsoft Visual Studio Solution File, Format Version 12.00
# Visual Studio 14
VisualStudioVersion = 14.0.25420.1
MinimumVisualStudioVersion = 10.0.40219.1
Project("{FAE04EC0-301F-11D3-BF4B-00C04F79EFBC}") = "CenturyRealityLimitedApp", "CenturyRealityLimitedApp\CenturyRealityLimitedApp.csproj", "{39799479-210F-40D5-8521-55EF8243314E}"
EndProject
Project("{00D1A9C2-B5F0-4AF3-8072-F6C62B433612}") = "CenturyRealityDatabase", "CenturyRealityDatabase\CenturyRealityDatabase.sqlproj", "{1FD5CF21-93D4-4415-B95E-D8E9804F3DAE}"
EndProject
Global
	GlobalSection(SolutionConfigurationPlatforms) = preSolution
		Debug|Any CPU = Debug|Any CPU
		Release|Any CPU = Release|Any CPU
	EndGlobalSection
	GlobalSection(ProjectConfigurationPlatforms) = postSolution
		{39799479-210F-40D5-8521-55EF8243314E}.Debug|Any CPU.ActiveCfg = Debug|Any CPU
		{39799479-210F-40D5-8521-55EF8243314E}.Debug|Any CPU.Build.0 = Debug|Any CPU
		{39799479-210F-40D5-8521-55EF8243314E}.Release|Any CPU.ActiveCfg = Release|Any CPU
		{39799479-210F-40D5-8521-55EF8243314E}.Release|Any CPU.Build.0 = Release|Any CPU
		{1FD5CF21-93D4-4415-B95E-D8E9804F3DAE}.Debug|Any CPU.ActiveCfg = Debug|Any CPU
		{1FD5CF21-93D4-4415-B95E-D8E9804F3DAE}.Debug|Any CPU.Build.0 = Debug|Any CPU
		{1FD5CF21-93D4-4415-B95E-D8E9804F3DAE}.Debug|Any CPU.Deploy.0 = Debug|Any CPU
		{1FD5CF21-93D4-4415-B95E-D8E9804F3DAE}.Release|Any CPU.ActiveCfg = Release|Any CPU
		{1FD5CF21-93D4-4415-B95E-D8E9804F3DAE}.Release|Any CPU.Build.0 = Release|Any CPU
		{1FD5CF21-93D4-4415-B95E-D8E9804F3DAE}.Release|Any CPU.Deploy.0 = Release|Any CPU
	EndGlobalSection
	GlobalSection(SolutionProperties) = preSolution
		HideSolutionNode = FALSE
	EndGlobalSection
EndGlobal
